
Microsoft Visual Studio Solution File, Format Version 12.00
# Visual Studio 14
VisualStudioVersion = 14.0.23107.0
MinimumVisualStudioVersion = 10.0.40219.1
Project("{FAE04EC0-301F-11D3-BF4B-00C04F79EFBC}") = "ExampleLibrary", "ExampleLibrary\ExampleLibrary.csproj", "{EA2B79A4-E528-42A4-8D18-ACC10CF3B451}"
EndProject
Project("{FAE04EC0-301F-11D3-BF4B-00C04F79EFBC}") = "Example01", "Example01\Example01.csproj", "{A6E0F2D4-B7BC-4134-87AD-2E91A52C82BC}"
EndProject
Project("{FAE04EC0-301F-11D3-BF4B-00C04F79EFBC}") = "Example02", "Example02\Example02.csproj", "{5D91D3F8-90C7-493D-A88D-6BDC9C348F94}"
EndProject
Project("{FAE04EC0-301F-11D3-BF4B-00C04F79EFBC}") = "Example03", "Example03\Example03.csproj", "{816AB339-196C-4708-B34F-186FF75E4556}"
EndProject
Project("{FAE04EC0-301F-11D3-BF4B-00C04F79EFBC}") = "Example04", "Example04\Example04.csproj", "{4F4B9EAD-BE9D-4331-A1B1-63F99A783764}"
EndProject
Project("{FAE04EC0-301F-11D3-BF4B-00C04F79EFBC}") = "ClassLibrary1", "ClassLibrary1\ClassLibrary1.csproj", "{BB6EF94B-DBF6-4DF1-B3D4-2811B7622D83}"
EndProject
Project("{FAE04EC0-301F-11D3-BF4B-00C04F79EFBC}") = "Example05", "Example05\Example05.csproj", "{BCF3AC4B-5EF3-427F-86E8-442D1F0537AF}"
EndProject
Global
	GlobalSection(SolutionConfigurationPlatforms) = preSolution
		Debug|Any CPU = Debug|Any CPU
		Release|Any CPU = Release|Any CPU
	EndGlobalSection
	GlobalSection(ProjectConfigurationPlatforms) = postSolution
		{EA2B79A4-E528-42A4-8D18-ACC10CF3B451}.Debug|Any CPU.ActiveCfg = Debug|Any CPU
		{EA2B79A4-E528-42A4-8D18-ACC10CF3B451}.Debug|Any CPU.Build.0 = Debug|Any CPU
		{EA2B79A4-E528-42A4-8D18-ACC10CF3B451}.Release|Any CPU.ActiveCfg = Release|Any CPU
		{EA2B79A4-E528-42A4-8D18-ACC10CF3B451}.Release|Any CPU.Build.0 = Release|Any CPU
		{A6E0F2D4-B7BC-4134-87AD-2E91A52C82BC}.Debug|Any CPU.ActiveCfg = Debug|Any CPU
		{A6E0F2D4-B7BC-4134-87AD-2E91A52C82BC}.Debug|Any CPU.Build.0 = Debug|Any CPU
		{A6E0F2D4-B7BC-4134-87AD-2E91A52C82BC}.Release|Any CPU.ActiveCfg = Release|Any CPU
		{A6E0F2D4-B7BC-4134-87AD-2E91A52C82BC}.Release|Any CPU.Build.0 = Release|Any CPU
		{5D91D3F8-90C7-493D-A88D-6BDC9C348F94}.Debug|Any CPU.ActiveCfg = Debug|Any CPU
		{5D91D3F8-90C7-493D-A88D-6BDC9C348F94}.Debug|Any CPU.Build.0 = Debug|Any CPU
		{5D91D3F8-90C7-493D-A88D-6BDC9C348F94}.Release|Any CPU.ActiveCfg = Release|Any CPU
		{5D91D3F8-90C7-493D-A88D-6BDC9C348F94}.Release|Any CPU.Build.0 = Release|Any CPU
		{816AB339-196C-4708-B34F-186FF75E4556}.Debug|Any CPU.ActiveCfg = Debug|Any CPU
		{816AB339-196C-4708-B34F-186FF75E4556}.Debug|Any CPU.Build.0 = Debug|Any CPU
		{816AB339-196C-4708-B34F-186FF75E4556}.Release|Any CPU.ActiveCfg = Release|Any CPU
		{816AB339-196C-4708-B34F-186FF75E4556}.Release|Any CPU.Build.0 = Release|Any CPU
		{4F4B9EAD-BE9D-4331-A1B1-63F99A783764}.Debug|Any CPU.ActiveCfg = Debug|Any CPU
		{4F4B9EAD-BE9D-4331-A1B1-63F99A783764}.Debug|Any CPU.Build.0 = Debug|Any CPU
		{4F4B9EAD-BE9D-4331-A1B1-63F99A783764}.Release|Any CPU.ActiveCfg = Release|Any CPU
		{4F4B9EAD-BE9D-4331-A1B1-63F99A783764}.Release|Any CPU.Build.0 = Release|Any CPU
		{BB6EF94B-DBF6-4DF1-B3D4-2811B7622D83}.Debug|Any CPU.ActiveCfg = Debug|Any CPU
		{BB6EF94B-DBF6-4DF1-B3D4-2811B7622D83}.Debug|Any CPU.Build.0 = Debug|Any CPU
		{BB6EF94B-DBF6-4DF1-B3D4-2811B7622D83}.Release|Any CPU.ActiveCfg = Release|Any CPU
		{BB6EF94B-DBF6-4DF1-B3D4-2811B7622D83}.Release|Any CPU.Build.0 = Release|Any CPU
		{BCF3AC4B-5EF3-427F-86E8-442D1F0537AF}.Debug|Any CPU.ActiveCfg = Debug|Any CPU
		{BCF3AC4B-5EF3-427F-86E8-442D1F0537AF}.Debug|Any CPU.Build.0 = Debug|Any CPU
		{BCF3AC4B-5EF3-427F-86E8-442D1F0537AF}.Release|Any CPU.ActiveCfg = Release|Any CPU
		{BCF3AC4B-5EF3-427F-86E8-442D1F0537AF}.Release|Any CPU.Build.0 = Release|Any CPU
	EndGlobalSection
	GlobalSection(SolutionProperties) = preSolution
		HideSolutionNode = FALSE
	EndGlobalSection
EndGlobal
