
Microsoft Visual Studio Solution File, Format Version 12.00
# Visual Studio 14
VisualStudioVersion = 14.0.23107.0
MinimumVisualStudioVersion = 10.0.40219.1
Project("{FAE04EC0-301F-11D3-BF4B-00C04F79EFBC}") = "Example01", "Example01\Example01.csproj", "{BE416AEE-46E4-441D-92DC-90D4BEB2D565}"
EndProject
Project("{FAE04EC0-301F-11D3-BF4B-00C04F79EFBC}") = "Example02", "Example02\Example02.csproj", "{99DCBF2A-D48C-44BD-9665-524F81F4A565}"
EndProject
Global
	GlobalSection(SolutionConfigurationPlatforms) = preSolution
		Debug|Any CPU = Debug|Any CPU
		Release|Any CPU = Release|Any CPU
	EndGlobalSection
	GlobalSection(ProjectConfigurationPlatforms) = postSolution
		{BE416AEE-46E4-441D-92DC-90D4BEB2D565}.Debug|Any CPU.ActiveCfg = Debug|Any CPU
		{BE416AEE-46E4-441D-92DC-90D4BEB2D565}.Debug|Any CPU.Build.0 = Debug|Any CPU
		{BE416AEE-46E4-441D-92DC-90D4BEB2D565}.Release|Any CPU.ActiveCfg = Release|Any CPU
		{BE416AEE-46E4-441D-92DC-90D4BEB2D565}.Release|Any CPU.Build.0 = Release|Any CPU
		{99DCBF2A-D48C-44BD-9665-524F81F4A565}.Debug|Any CPU.ActiveCfg = Debug|Any CPU
		{99DCBF2A-D48C-44BD-9665-524F81F4A565}.Debug|Any CPU.Build.0 = Debug|Any CPU
		{99DCBF2A-D48C-44BD-9665-524F81F4A565}.Release|Any CPU.ActiveCfg = Release|Any CPU
		{99DCBF2A-D48C-44BD-9665-524F81F4A565}.Release|Any CPU.Build.0 = Release|Any CPU
	EndGlobalSection
	GlobalSection(SolutionProperties) = preSolution
		HideSolutionNode = FALSE
	EndGlobalSection
EndGlobal
